// !$*UTF8*$!
{
	archiveVersion = 1;
	classes = {
	};
	objectVersion = 55;
	objects = {

/* Begin PBXBuildFile section */
		131AB26A281D65C200227709 /* Section.swift in Sources */ = {isa = PBXBuildFile; fileRef = 131AB269281D65C200227709 /* Section.swift */; };
		131AB26E281D66A000227709 /* SectionHeaderReusableView.swift in Sources */ = {isa = PBXBuildFile; fileRef = 131AB26D281D66A000227709 /* SectionHeaderReusableView.swift */; };
		131AB273281D9D7B00227709 /* DetailController.swift in Sources */ = {isa = PBXBuildFile; fileRef = 131AB272281D9D7B00227709 /* DetailController.swift */; };
		131AB275281D9DB400227709 /* DetailViewModel.swift in Sources */ = {isa = PBXBuildFile; fileRef = 131AB274281D9DB400227709 /* DetailViewModel.swift */; };
		132A954F2819E9990060CCA2 /* HomeViewModel.swift in Sources */ = {isa = PBXBuildFile; fileRef = 132A954E2819E9990060CCA2 /* HomeViewModel.swift */; };
		132A9552281BE5850060CCA2 /* HomeCollectionViewCell.swift in Sources */ = {isa = PBXBuildFile; fileRef = 132A9551281BE5850060CCA2 /* HomeCollectionViewCell.swift */; };
		132A9554281C146A0060CCA2 /* User.swift in Sources */ = {isa = PBXBuildFile; fileRef = 132A9553281C146A0060CCA2 /* User.swift */; };
		132A9556281C14BD0060CCA2 /* Address.swift in Sources */ = {isa = PBXBuildFile; fileRef = 132A9555281C14BD0060CCA2 /* Address.swift */; };
		132A9558281C151E0060CCA2 /* Company.swift in Sources */ = {isa = PBXBuildFile; fileRef = 132A9557281C151E0060CCA2 /* Company.swift */; };
		132A955A281C156D0060CCA2 /* Album.swift in Sources */ = {isa = PBXBuildFile; fileRef = 132A9559281C156D0060CCA2 /* Album.swift */; };
		132A955C281C15F80060CCA2 /* Photo.swift in Sources */ = {isa = PBXBuildFile; fileRef = 132A955B281C15F80060CCA2 /* Photo.swift */; };
		132A955E281C17080060CCA2 /* UserRequestModel.swift in Sources */ = {isa = PBXBuildFile; fileRef = 132A955D281C17080060CCA2 /* UserRequestModel.swift */; };
		132A9561281C183E0060CCA2 /* UserAPI.swift in Sources */ = {isa = PBXBuildFile; fileRef = 132A9560281C183E0060CCA2 /* UserAPI.swift */; };
		132A9564281C62390060CCA2 /* HomeCollectionViewCellViewModel.swift in Sources */ = {isa = PBXBuildFile; fileRef = 132A9563281C62390060CCA2 /* HomeCollectionViewCellViewModel.swift */; };
		132A9566281C63520060CCA2 /* UIImageView+Extension.swift in Sources */ = {isa = PBXBuildFile; fileRef = 132A9565281C63520060CCA2 /* UIImageView+Extension.swift */; };
		132A9569281C64810060CCA2 /* AlbumAPI.swift in Sources */ = {isa = PBXBuildFile; fileRef = 132A9568281C64810060CCA2 /* AlbumAPI.swift */; };
		132A956B281C64A20060CCA2 /* AlbumRequestModel.swift in Sources */ = {isa = PBXBuildFile; fileRef = 132A956A281C64A20060CCA2 /* AlbumRequestModel.swift */; };
		132A956E281C67B90060CCA2 /* PhotoAPI.swift in Sources */ = {isa = PBXBuildFile; fileRef = 132A956D281C67B90060CCA2 /* PhotoAPI.swift */; };
		132A9570281C67E60060CCA2 /* PhotoRequestModel.swift in Sources */ = {isa = PBXBuildFile; fileRef = 132A956F281C67E60060CCA2 /* PhotoRequestModel.swift */; };
		133ED4292818220B00E06837 /* AppDelegate.swift in Sources */ = {isa = PBXBuildFile; fileRef = 133ED4282818220B00E06837 /* AppDelegate.swift */; };
		133ED42B2818220B00E06837 /* SceneDelegate.swift in Sources */ = {isa = PBXBuildFile; fileRef = 133ED42A2818220B00E06837 /* SceneDelegate.swift */; };
		133ED4322818220E00E06837 /* Assets.xcassets in Resources */ = {isa = PBXBuildFile; fileRef = 133ED4312818220E00E06837 /* Assets.xcassets */; };
		133ED4352818220E00E06837 /* LaunchScreen.storyboard in Resources */ = {isa = PBXBuildFile; fileRef = 133ED4332818220E00E06837 /* LaunchScreen.storyboard */; };
		133ED44B2818289300E06837 /* NetworkManager.swift in Sources */ = {isa = PBXBuildFile; fileRef = 133ED44A2818289300E06837 /* NetworkManager.swift */; };
		133ED44E281829E700E06837 /* RequestModel.swift in Sources */ = {isa = PBXBuildFile; fileRef = 133ED44D281829E700E06837 /* RequestModel.swift */; };
		133ED45528182A4100E06837 /* ApiError.swift in Sources */ = {isa = PBXBuildFile; fileRef = 133ED45428182A4100E06837 /* ApiError.swift */; };
		133ED45828182ED600E06837 /* RequestMethod.swift in Sources */ = {isa = PBXBuildFile; fileRef = 133ED45728182ED600E06837 /* RequestMethod.swift */; };
		133ED45A2818309D00E06837 /* Constant.swift in Sources */ = {isa = PBXBuildFile; fileRef = 133ED4592818309D00E06837 /* Constant.swift */; };
		133ED45C281830F900E06837 /* API.swift in Sources */ = {isa = PBXBuildFile; fileRef = 133ED45B281830F900E06837 /* API.swift */; };
		13E65DEF281832AA00270D19 /* String+Extension.swift in Sources */ = {isa = PBXBuildFile; fileRef = 13E65DEE281832AA00270D19 /* String+Extension.swift */; };
		13E65DF2281865B600270D19 /* LoadingManager.swift in Sources */ = {isa = PBXBuildFile; fileRef = 13E65DF1281865B600270D19 /* LoadingManager.swift */; };
		13E65DF42818689300270D19 /* UIView+Extension.swift in Sources */ = {isa = PBXBuildFile; fileRef = 13E65DF32818689300270D19 /* UIView+Extension.swift */; };
		13E65DF728186DF300270D19 /* UserDefaultsManager.swift in Sources */ = {isa = PBXBuildFile; fileRef = 13E65DF628186DF300270D19 /* UserDefaultsManager.swift */; };
		13E65DFA28186F8400270D19 /* ObjectSavableError.swift in Sources */ = {isa = PBXBuildFile; fileRef = 13E65DF928186F8400270D19 /* ObjectSavableError.swift */; };
		13E65DFC28186FF800270D19 /* UserDefautls.swift in Sources */ = {isa = PBXBuildFile; fileRef = 13E65DFB28186FF800270D19 /* UserDefautls.swift */; };
		13E65DFF2818770900270D19 /* HomeController.swift in Sources */ = {isa = PBXBuildFile; fileRef = 13E65DFE2818770900270D19 /* HomeController.swift */; };
/* End PBXBuildFile section */

/* Begin PBXFileReference section */
		131AB269281D65C200227709 /* Section.swift */ = {isa = PBXFileReference; lastKnownFileType = sourcecode.swift; path = Section.swift; sourceTree = "<group>"; };
		131AB26D281D66A000227709 /* SectionHeaderReusableView.swift */ = {isa = PBXFileReference; lastKnownFileType = sourcecode.swift; path = SectionHeaderReusableView.swift; sourceTree = "<group>"; };
		131AB272281D9D7B00227709 /* DetailController.swift */ = {isa = PBXFileReference; lastKnownFileType = sourcecode.swift; path = DetailController.swift; sourceTree = "<group>"; };
		131AB274281D9DB400227709 /* DetailViewModel.swift */ = {isa = PBXFileReference; lastKnownFileType = sourcecode.swift; path = DetailViewModel.swift; sourceTree = "<group>"; };
		132A954E2819E9990060CCA2 /* HomeViewModel.swift */ = {isa = PBXFileReference; lastKnownFileType = sourcecode.swift; path = HomeViewModel.swift; sourceTree = "<group>"; };
		132A9551281BE5850060CCA2 /* HomeCollectionViewCell.swift */ = {isa = PBXFileReference; lastKnownFileType = sourcecode.swift; path = HomeCollectionViewCell.swift; sourceTree = "<group>"; };
		132A9553281C146A0060CCA2 /* User.swift */ = {isa = PBXFileReference; lastKnownFileType = sourcecode.swift; path = User.swift; sourceTree = "<group>"; };
		132A9555281C14BD0060CCA2 /* Address.swift */ = {isa = PBXFileReference; lastKnownFileType = sourcecode.swift; path = Address.swift; sourceTree = "<group>"; };
		132A9557281C151E0060CCA2 /* Company.swift */ = {isa = PBXFileReference; lastKnownFileType = sourcecode.swift; path = Company.swift; sourceTree = "<group>"; };
		132A9559281C156D0060CCA2 /* Album.swift */ = {isa = PBXFileReference; lastKnownFileType = sourcecode.swift; path = Album.swift; sourceTree = "<group>"; };
		132A955B281C15F80060CCA2 /* Photo.swift */ = {isa = PBXFileReference; lastKnownFileType = sourcecode.swift; path = Photo.swift; sourceTree = "<group>"; };
		132A955D281C17080060CCA2 /* UserRequestModel.swift */ = {isa = PBXFileReference; lastKnownFileType = sourcecode.swift; path = UserRequestModel.swift; sourceTree = "<group>"; };
		132A9560281C183E0060CCA2 /* UserAPI.swift */ = {isa = PBXFileReference; lastKnownFileType = sourcecode.swift; path = UserAPI.swift; sourceTree = "<group>"; };
		132A9563281C62390060CCA2 /* HomeCollectionViewCellViewModel.swift */ = {isa = PBXFileReference; lastKnownFileType = sourcecode.swift; path = HomeCollectionViewCellViewModel.swift; sourceTree = "<group>"; };
		132A9565281C63520060CCA2 /* UIImageView+Extension.swift */ = {isa = PBXFileReference; lastKnownFileType = sourcecode.swift; path = "UIImageView+Extension.swift"; sourceTree = "<group>"; };
		132A9568281C64810060CCA2 /* AlbumAPI.swift */ = {isa = PBXFileReference; lastKnownFileType = sourcecode.swift; path = AlbumAPI.swift; sourceTree = "<group>"; };
		132A956A281C64A20060CCA2 /* AlbumRequestModel.swift */ = {isa = PBXFileReference; lastKnownFileType = sourcecode.swift; path = AlbumRequestModel.swift; sourceTree = "<group>"; };
		132A956D281C67B90060CCA2 /* PhotoAPI.swift */ = {isa = PBXFileReference; lastKnownFileType = sourcecode.swift; path = PhotoAPI.swift; sourceTree = "<group>"; };
		132A956F281C67E60060CCA2 /* PhotoRequestModel.swift */ = {isa = PBXFileReference; lastKnownFileType = sourcecode.swift; path = PhotoRequestModel.swift; sourceTree = "<group>"; };
		133ED4252818220B00E06837 /* Popcorn.app */ = {isa = PBXFileReference; explicitFileType = wrapper.application; includeInIndex = 0; path = Popcorn.app; sourceTree = BUILT_PRODUCTS_DIR; };
		133ED4282818220B00E06837 /* AppDelegate.swift */ = {isa = PBXFileReference; lastKnownFileType = sourcecode.swift; path = AppDelegate.swift; sourceTree = "<group>"; };
		133ED42A2818220B00E06837 /* SceneDelegate.swift */ = {isa = PBXFileReference; lastKnownFileType = sourcecode.swift; path = SceneDelegate.swift; sourceTree = "<group>"; };
		133ED4312818220E00E06837 /* Assets.xcassets */ = {isa = PBXFileReference; lastKnownFileType = folder.assetcatalog; path = Assets.xcassets; sourceTree = "<group>"; };
		133ED4342818220E00E06837 /* Base */ = {isa = PBXFileReference; lastKnownFileType = file.storyboard; name = Base; path = Base.lproj/LaunchScreen.storyboard; sourceTree = "<group>"; };
		133ED4362818220E00E06837 /* Info.plist */ = {isa = PBXFileReference; lastKnownFileType = text.plist.xml; path = Info.plist; sourceTree = "<group>"; };
		133ED44A2818289300E06837 /* NetworkManager.swift */ = {isa = PBXFileReference; lastKnownFileType = sourcecode.swift; path = NetworkManager.swift; sourceTree = "<group>"; };
		133ED44D281829E700E06837 /* RequestModel.swift */ = {isa = PBXFileReference; lastKnownFileType = sourcecode.swift; path = RequestModel.swift; sourceTree = "<group>"; };
		133ED45428182A4100E06837 /* ApiError.swift */ = {isa = PBXFileReference; lastKnownFileType = sourcecode.swift; path = ApiError.swift; sourceTree = "<group>"; };
		133ED45728182ED600E06837 /* RequestMethod.swift */ = {isa = PBXFileReference; lastKnownFileType = sourcecode.swift; path = RequestMethod.swift; sourceTree = "<group>"; };
		133ED4592818309D00E06837 /* Constant.swift */ = {isa = PBXFileReference; lastKnownFileType = sourcecode.swift; path = Constant.swift; sourceTree = "<group>"; };
		133ED45B281830F900E06837 /* API.swift */ = {isa = PBXFileReference; lastKnownFileType = sourcecode.swift; path = API.swift; sourceTree = "<group>"; };
		13E65DEE281832AA00270D19 /* String+Extension.swift */ = {isa = PBXFileReference; lastKnownFileType = sourcecode.swift; path = "String+Extension.swift"; sourceTree = "<group>"; };
		13E65DF1281865B600270D19 /* LoadingManager.swift */ = {isa = PBXFileReference; lastKnownFileType = sourcecode.swift; path = LoadingManager.swift; sourceTree = "<group>"; };
		13E65DF32818689300270D19 /* UIView+Extension.swift */ = {isa = PBXFileReference; lastKnownFileType = sourcecode.swift; path = "UIView+Extension.swift"; sourceTree = "<group>"; };
		13E65DF628186DF300270D19 /* UserDefaultsManager.swift */ = {isa = PBXFileReference; lastKnownFileType = sourcecode.swift; path = UserDefaultsManager.swift; sourceTree = "<group>"; };
		13E65DF928186F8400270D19 /* ObjectSavableError.swift */ = {isa = PBXFileReference; lastKnownFileType = sourcecode.swift; path = ObjectSavableError.swift; sourceTree = "<group>"; };
		13E65DFB28186FF800270D19 /* UserDefautls.swift */ = {isa = PBXFileReference; lastKnownFileType = sourcecode.swift; path = UserDefautls.swift; sourceTree = "<group>"; };
		13E65DFE2818770900270D19 /* HomeController.swift */ = {isa = PBXFileReference; lastKnownFileType = sourcecode.swift; path = HomeController.swift; sourceTree = "<group>"; };
/* End PBXFileReference section */

/* Begin PBXFrameworksBuildPhase section */
		133ED4222818220B00E06837 /* Frameworks */ = {
			isa = PBXFrameworksBuildPhase;
			buildActionMask = 2147483647;
			files = (
			);
			runOnlyForDeploymentPostprocessing = 0;
		};
/* End PBXFrameworksBuildPhase section */

/* Begin PBXGroup section */
		131AB26C281D667F00227709 /* SectionHeaderReusableView */ = {
			isa = PBXGroup;
			children = (
				131AB26D281D66A000227709 /* SectionHeaderReusableView.swift */,
			);
			path = SectionHeaderReusableView;
			sourceTree = "<group>";
		};
		131AB271281D9D6900227709 /* Detail */ = {
			isa = PBXGroup;
			children = (
				131AB272281D9D7B00227709 /* DetailController.swift */,
				131AB274281D9DB400227709 /* DetailViewModel.swift */,
			);
			path = Detail;
			sourceTree = "<group>";
		};
		132A9550281BE56B0060CCA2 /* Cell */ = {
			isa = PBXGroup;
			children = (
				132A9551281BE5850060CCA2 /* HomeCollectionViewCell.swift */,
				132A9563281C62390060CCA2 /* HomeCollectionViewCellViewModel.swift */,
			);
			path = Cell;
			sourceTree = "<group>";
		};
		132A955F281C18000060CCA2 /* APIs */ = {
			isa = PBXGroup;
			children = (
				132A9567281C646C0060CCA2 /* Album */,
				132A956C281C67A60060CCA2 /* Photo */,
				132A9562281C18470060CCA2 /* User */,
			);
			path = APIs;
			sourceTree = "<group>";
		};
		132A9562281C18470060CCA2 /* User */ = {
			isa = PBXGroup;
			children = (
				132A9560281C183E0060CCA2 /* UserAPI.swift */,
			);
			path = User;
			sourceTree = "<group>";
		};
		132A9567281C646C0060CCA2 /* Album */ = {
			isa = PBXGroup;
			children = (
				132A9568281C64810060CCA2 /* AlbumAPI.swift */,
			);
			path = Album;
			sourceTree = "<group>";
		};
		132A956C281C67A60060CCA2 /* Photo */ = {
			isa = PBXGroup;
			children = (
				132A956D281C67B90060CCA2 /* PhotoAPI.swift */,
			);
			path = Photo;
			sourceTree = "<group>";
		};
		133ED41C2818220B00E06837 = {
			isa = PBXGroup;
			children = (
				133ED4272818220B00E06837 /* Popcorn */,
				133ED4262818220B00E06837 /* Products */,
			);
			sourceTree = "<group>";
		};
		133ED4262818220B00E06837 /* Products */ = {
			isa = PBXGroup;
			children = (
				133ED4252818220B00E06837 /* Popcorn.app */,
			);
			name = Products;
			sourceTree = "<group>";
		};
		133ED4272818220B00E06837 /* Popcorn */ = {
			isa = PBXGroup;
			children = (
				133ED440281825DC00E06837 /* Managers */,
				133ED441281825E000E06837 /* Models */,
				133ED43E281825AF00E06837 /* Modules */,
				133ED442281825ED00E06837 /* Network */,
				133ED43D2818259B00E06837 /* Resources */,
				133ED4482818262300E06837 /* Reusables */,
				133ED43C2818259000E06837 /* Supports */,
				133ED443281825FD00E06837 /* Utilities */,
			);
			path = Popcorn;
			sourceTree = "<group>";
		};
		133ED43C2818259000E06837 /* Supports */ = {
			isa = PBXGroup;
			children = (
				133ED4362818220E00E06837 /* Info.plist */,
				133ED4282818220B00E06837 /* AppDelegate.swift */,
				133ED42A2818220B00E06837 /* SceneDelegate.swift */,
			);
			path = Supports;
			sourceTree = "<group>";
		};
		133ED43D2818259B00E06837 /* Resources */ = {
			isa = PBXGroup;
			children = (
				133ED4312818220E00E06837 /* Assets.xcassets */,
			);
			path = Resources;
			sourceTree = "<group>";
		};
		133ED43E281825AF00E06837 /* Modules */ = {
			isa = PBXGroup;
			children = (
				131AB271281D9D6900227709 /* Detail */,
				13E65DFD281876CE00270D19 /* Home */,
				133ED43F281825B700E06837 /* Launchscreen */,
			);
			path = Modules;
			sourceTree = "<group>";
		};
		133ED43F281825B700E06837 /* Launchscreen */ = {
			isa = PBXGroup;
			children = (
				133ED4332818220E00E06837 /* LaunchScreen.storyboard */,
			);
			path = Launchscreen;
			sourceTree = "<group>";
		};
		133ED440281825DC00E06837 /* Managers */ = {
			isa = PBXGroup;
			children = (
				13E65DF0281865AD00270D19 /* LoadingManager */,
				133ED4492818288500E06837 /* NetworkManager */,
				13E65DF528186DE400270D19 /* UserDefaultsManager */,
			);
			path = Managers;
			sourceTree = "<group>";
		};
		133ED441281825E000E06837 /* Models */ = {
			isa = PBXGroup;
			children = (
				132A9555281C14BD0060CCA2 /* Address.swift */,
				132A9559281C156D0060CCA2 /* Album.swift */,
				132A9557281C151E0060CCA2 /* Company.swift */,
				132A955B281C15F80060CCA2 /* Photo.swift */,
				131AB269281D65C200227709 /* Section.swift */,
				132A9553281C146A0060CCA2 /* User.swift */,
				133ED44C281829DC00E06837 /* Request */,
			);
			path = Models;
			sourceTree = "<group>";
		};
		133ED442281825ED00E06837 /* Network */ = {
			isa = PBXGroup;
			children = (
				133ED45328182A3600E06837 /* ApiError */,
				132A955F281C18000060CCA2 /* APIs */,
				133ED45628182EB500E06837 /* RequestMethod */,
			);
			path = Network;
			sourceTree = "<group>";
		};
		133ED443281825FD00E06837 /* Utilities */ = {
			isa = PBXGroup;
			children = (
				133ED4472818261500E06837 /* Constants */,
				133ED4452818260900E06837 /* Extension */,
				133ED4462818260D00E06837 /* Protocols */,
			);
			path = Utilities;
			sourceTree = "<group>";
		};
		133ED4452818260900E06837 /* Extension */ = {
			isa = PBXGroup;
			children = (
				13E65DEE281832AA00270D19 /* String+Extension.swift */,
				13E65DF32818689300270D19 /* UIView+Extension.swift */,
				132A9565281C63520060CCA2 /* UIImageView+Extension.swift */,
			);
			path = Extension;
			sourceTree = "<group>";
		};
		133ED4462818260D00E06837 /* Protocols */ = {
			isa = PBXGroup;
			children = (
			);
			path = Protocols;
			sourceTree = "<group>";
		};
		133ED4472818261500E06837 /* Constants */ = {
			isa = PBXGroup;
			children = (
				133ED45B281830F900E06837 /* API.swift */,
				133ED4592818309D00E06837 /* Constant.swift */,
				13E65DFB28186FF800270D19 /* UserDefautls.swift */,
			);
			path = Constants;
			sourceTree = "<group>";
		};
		133ED4482818262300E06837 /* Reusables */ = {
			isa = PBXGroup;
			children = (
				131AB26C281D667F00227709 /* SectionHeaderReusableView */,
			);
			path = Reusables;
			sourceTree = "<group>";
		};
		133ED4492818288500E06837 /* NetworkManager */ = {
			isa = PBXGroup;
			children = (
				133ED44A2818289300E06837 /* NetworkManager.swift */,
			);
			path = NetworkManager;
			sourceTree = "<group>";
		};
		133ED44C281829DC00E06837 /* Request */ = {
			isa = PBXGroup;
			children = (
				132A956A281C64A20060CCA2 /* AlbumRequestModel.swift */,
				132A956F281C67E60060CCA2 /* PhotoRequestModel.swift */,
				133ED44D281829E700E06837 /* RequestModel.swift */,
				132A955D281C17080060CCA2 /* UserRequestModel.swift */,
			);
			path = Request;
			sourceTree = "<group>";
		};
		133ED45328182A3600E06837 /* ApiError */ = {
			isa = PBXGroup;
			children = (
				133ED45428182A4100E06837 /* ApiError.swift */,
			);
			path = ApiError;
			sourceTree = "<group>";
		};
		133ED45628182EB500E06837 /* RequestMethod */ = {
			isa = PBXGroup;
			children = (
				133ED45728182ED600E06837 /* RequestMethod.swift */,
			);
			path = RequestMethod;
			sourceTree = "<group>";
		};
		13E65DF0281865AD00270D19 /* LoadingManager */ = {
			isa = PBXGroup;
			children = (
				13E65DF1281865B600270D19 /* LoadingManager.swift */,
			);
			path = LoadingManager;
			sourceTree = "<group>";
		};
		13E65DF528186DE400270D19 /* UserDefaultsManager */ = {
			isa = PBXGroup;
			children = (
				13E65DF628186DF300270D19 /* UserDefaultsManager.swift */,
				13E65DF828186F7200270D19 /* ObjectSavableError */,
			);
			path = UserDefaultsManager;
			sourceTree = "<group>";
		};
		13E65DF828186F7200270D19 /* ObjectSavableError */ = {
			isa = PBXGroup;
			children = (
				13E65DF928186F8400270D19 /* ObjectSavableError.swift */,
			);
			path = ObjectSavableError;
			sourceTree = "<group>";
		};
		13E65DFD281876CE00270D19 /* Home */ = {
			isa = PBXGroup;
			children = (
				13E65DFE2818770900270D19 /* HomeController.swift */,
				132A954E2819E9990060CCA2 /* HomeViewModel.swift */,
				132A9550281BE56B0060CCA2 /* Cell */,
			);
			path = Home;
			sourceTree = "<group>";
		};
/* End PBXGroup section */

/* Begin PBXNativeTarget section */
		133ED4242818220B00E06837 /* Popcorn */ = {
			isa = PBXNativeTarget;
			buildConfigurationList = 133ED4392818220E00E06837 /* Build configuration list for PBXNativeTarget "Popcorn" */;
			buildPhases = (
				133ED4212818220B00E06837 /* Sources */,
				133ED4222818220B00E06837 /* Frameworks */,
				133ED4232818220B00E06837 /* Resources */,
			);
			buildRules = (
			);
			dependencies = (
			);
			name = Popcorn;
			productName = Popcorn;
			productReference = 133ED4252818220B00E06837 /* Popcorn.app */;
			productType = "com.apple.product-type.application";
		};
/* End PBXNativeTarget section */

/* Begin PBXProject section */
		133ED41D2818220B00E06837 /* Project object */ = {
			isa = PBXProject;
			attributes = {
				BuildIndependentTargetsInParallel = 1;
				LastSwiftUpdateCheck = 1330;
				LastUpgradeCheck = 1330;
				TargetAttributes = {
					133ED4242818220B00E06837 = {
						CreatedOnToolsVersion = 13.3.1;
					};
				};
			};
			buildConfigurationList = 133ED4202818220B00E06837 /* Build configuration list for PBXProject "Popcorn" */;
			compatibilityVersion = "Xcode 13.0";
			developmentRegion = en;
			hasScannedForEncodings = 0;
			knownRegions = (
				en,
				Base,
			);
			mainGroup = 133ED41C2818220B00E06837;
			productRefGroup = 133ED4262818220B00E06837 /* Products */;
			projectDirPath = "";
			projectRoot = "";
			targets = (
				133ED4242818220B00E06837 /* Popcorn */,
			);
		};
/* End PBXProject section */

/* Begin PBXResourcesBuildPhase section */
		133ED4232818220B00E06837 /* Resources */ = {
			isa = PBXResourcesBuildPhase;
			buildActionMask = 2147483647;
			files = (
				133ED4352818220E00E06837 /* LaunchScreen.storyboard in Resources */,
				133ED4322818220E00E06837 /* Assets.xcassets in Resources */,
			);
			runOnlyForDeploymentPostprocessing = 0;
		};
/* End PBXResourcesBuildPhase section */

/* Begin PBXSourcesBuildPhase section */
		133ED4212818220B00E06837 /* Sources */ = {
			isa = PBXSourcesBuildPhase;
			buildActionMask = 2147483647;
			files = (
				132A955C281C15F80060CCA2 /* Photo.swift in Sources */,
				132A9569281C64810060CCA2 /* AlbumAPI.swift in Sources */,
				13E65DFC28186FF800270D19 /* UserDefautls.swift in Sources */,
				132A9566281C63520060CCA2 /* UIImageView+Extension.swift in Sources */,
				132A954F2819E9990060CCA2 /* HomeViewModel.swift in Sources */,
				132A9561281C183E0060CCA2 /* UserAPI.swift in Sources */,
				131AB26E281D66A000227709 /* SectionHeaderReusableView.swift in Sources */,
				13E65DF42818689300270D19 /* UIView+Extension.swift in Sources */,
				132A9552281BE5850060CCA2 /* HomeCollectionViewCell.swift in Sources */,
				13E65DF2281865B600270D19 /* LoadingManager.swift in Sources */,
				131AB26A281D65C200227709 /* Section.swift in Sources */,
				132A956B281C64A20060CCA2 /* AlbumRequestModel.swift in Sources */,
				13E65DF728186DF300270D19 /* UserDefaultsManager.swift in Sources */,
				131AB273281D9D7B00227709 /* DetailController.swift in Sources */,
				132A955A281C156D0060CCA2 /* Album.swift in Sources */,
				132A9556281C14BD0060CCA2 /* Address.swift in Sources */,
				132A9564281C62390060CCA2 /* HomeCollectionViewCellViewModel.swift in Sources */,
				131AB275281D9DB400227709 /* DetailViewModel.swift in Sources */,
				132A9558281C151E0060CCA2 /* Company.swift in Sources */,
				133ED44B2818289300E06837 /* NetworkManager.swift in Sources */,
				133ED4292818220B00E06837 /* AppDelegate.swift in Sources */,
				132A9554281C146A0060CCA2 /* User.swift in Sources */,
				133ED42B2818220B00E06837 /* SceneDelegate.swift in Sources */,
				132A956E281C67B90060CCA2 /* PhotoAPI.swift in Sources */,
				132A955E281C17080060CCA2 /* UserRequestModel.swift in Sources */,
				133ED45A2818309D00E06837 /* Constant.swift in Sources */,
				132A9570281C67E60060CCA2 /* PhotoRequestModel.swift in Sources */,
				13E65DFA28186F8400270D19 /* ObjectSavableError.swift in Sources */,
				133ED45828182ED600E06837 /* RequestMethod.swift in Sources */,
				133ED44E281829E700E06837 /* RequestModel.swift in Sources */,
				13E65DEF281832AA00270D19 /* String+Extension.swift in Sources */,
				133ED45C281830F900E06837 /* API.swift in Sources */,
				133ED45528182A4100E06837 /* ApiError.swift in Sources */,
				13E65DFF2818770900270D19 /* HomeController.swift in Sources */,
			);
			runOnlyForDeploymentPostprocessing = 0;
		};
/* End PBXSourcesBuildPhase section */

/* Begin PBXVariantGroup section */
		133ED4332818220E00E06837 /* LaunchScreen.storyboard */ = {
			isa = PBXVariantGroup;
			children = (
				133ED4342818220E00E06837 /* Base */,
			);
			name = LaunchScreen.storyboard;
			sourceTree = "<group>";
		};
/* End PBXVariantGroup section */

/* Begin XCBuildConfiguration section */
		133ED4372818220E00E06837 /* Debug */ = {
			isa = XCBuildConfiguration;
			buildSettings = {
				ALWAYS_SEARCH_USER_PATHS = NO;
				CLANG_ANALYZER_NONNULL = YES;
				CLANG_ANALYZER_NUMBER_OBJECT_CONVERSION = YES_AGGRESSIVE;
				CLANG_CXX_LANGUAGE_STANDARD = "gnu++17";
				CLANG_ENABLE_MODULES = YES;
				CLANG_ENABLE_OBJC_ARC = YES;
				CLANG_ENABLE_OBJC_WEAK = YES;
				CLANG_WARN_BLOCK_CAPTURE_AUTORELEASING = YES;
				CLANG_WARN_BOOL_CONVERSION = YES;
				CLANG_WARN_COMMA = YES;
				CLANG_WARN_CONSTANT_CONVERSION = YES;
				CLANG_WARN_DEPRECATED_OBJC_IMPLEMENTATIONS = YES;
				CLANG_WARN_DIRECT_OBJC_ISA_USAGE = YES_ERROR;
				CLANG_WARN_DOCUMENTATION_COMMENTS = YES;
				CLANG_WARN_EMPTY_BODY = YES;
				CLANG_WARN_ENUM_CONVERSION = YES;
				CLANG_WARN_INFINITE_RECURSION = YES;
				CLANG_WARN_INT_CONVERSION = YES;
				CLANG_WARN_NON_LITERAL_NULL_CONVERSION = YES;
				CLANG_WARN_OBJC_IMPLICIT_RETAIN_SELF = YES;
				CLANG_WARN_OBJC_LITERAL_CONVERSION = YES;
				CLANG_WARN_OBJC_ROOT_CLASS = YES_ERROR;
				CLANG_WARN_QUOTED_INCLUDE_IN_FRAMEWORK_HEADER = YES;
				CLANG_WARN_RANGE_LOOP_ANALYSIS = YES;
				CLANG_WARN_STRICT_PROTOTYPES = YES;
				CLANG_WARN_SUSPICIOUS_MOVE = YES;
				CLANG_WARN_UNGUARDED_AVAILABILITY = YES_AGGRESSIVE;
				CLANG_WARN_UNREACHABLE_CODE = YES;
				CLANG_WARN__DUPLICATE_METHOD_MATCH = YES;
				COPY_PHASE_STRIP = NO;
				DEBUG_INFORMATION_FORMAT = dwarf;
				ENABLE_STRICT_OBJC_MSGSEND = YES;
				ENABLE_TESTABILITY = YES;
				GCC_C_LANGUAGE_STANDARD = gnu11;
				GCC_DYNAMIC_NO_PIC = NO;
				GCC_NO_COMMON_BLOCKS = YES;
				GCC_OPTIMIZATION_LEVEL = 0;
				GCC_PREPROCESSOR_DEFINITIONS = (
					"DEBUG=1",
					"$(inherited)",
				);
				GCC_WARN_64_TO_32_BIT_CONVERSION = YES;
				GCC_WARN_ABOUT_RETURN_TYPE = YES_ERROR;
				GCC_WARN_UNDECLARED_SELECTOR = YES;
				GCC_WARN_UNINITIALIZED_AUTOS = YES_AGGRESSIVE;
				GCC_WARN_UNUSED_FUNCTION = YES;
				GCC_WARN_UNUSED_VARIABLE = YES;
				IPHONEOS_DEPLOYMENT_TARGET = 15.4;
				MTL_ENABLE_DEBUG_INFO = INCLUDE_SOURCE;
				MTL_FAST_MATH = YES;
				ONLY_ACTIVE_ARCH = YES;
				SDKROOT = iphoneos;
				SWIFT_ACTIVE_COMPILATION_CONDITIONS = DEBUG;
				SWIFT_OPTIMIZATION_LEVEL = "-Onone";
			};
			name = Debug;
		};
		133ED4382818220E00E06837 /* Release */ = {
			isa = XCBuildConfiguration;
			buildSettings = {
				ALWAYS_SEARCH_USER_PATHS = NO;
				CLANG_ANALYZER_NONNULL = YES;
				CLANG_ANALYZER_NUMBER_OBJECT_CONVERSION = YES_AGGRESSIVE;
				CLANG_CXX_LANGUAGE_STANDARD = "gnu++17";
				CLANG_ENABLE_MODULES = YES;
				CLANG_ENABLE_OBJC_ARC = YES;
				CLANG_ENABLE_OBJC_WEAK = YES;
				CLANG_WARN_BLOCK_CAPTURE_AUTORELEASING = YES;
				CLANG_WARN_BOOL_CONVERSION = YES;
				CLANG_WARN_COMMA = YES;
				CLANG_WARN_CONSTANT_CONVERSION = YES;
				CLANG_WARN_DEPRECATED_OBJC_IMPLEMENTATIONS = YES;
				CLANG_WARN_DIRECT_OBJC_ISA_USAGE = YES_ERROR;
				CLANG_WARN_DOCUMENTATION_COMMENTS = YES;
				CLANG_WARN_EMPTY_BODY = YES;
				CLANG_WARN_ENUM_CONVERSION = YES;
				CLANG_WARN_INFINITE_RECURSION = YES;
				CLANG_WARN_INT_CONVERSION = YES;
				CLANG_WARN_NON_LITERAL_NULL_CONVERSION = YES;
				CLANG_WARN_OBJC_IMPLICIT_RETAIN_SELF = YES;
				CLANG_WARN_OBJC_LITERAL_CONVERSION = YES;
				CLANG_WARN_OBJC_ROOT_CLASS = YES_ERROR;
				CLANG_WARN_QUOTED_INCLUDE_IN_FRAMEWORK_HEADER = YES;
				CLANG_WARN_RANGE_LOOP_ANALYSIS = YES;
				CLANG_WARN_STRICT_PROTOTYPES = YES;
				CLANG_WARN_SUSPICIOUS_MOVE = YES;
				CLANG_WARN_UNGUARDED_AVAILABILITY = YES_AGGRESSIVE;
				CLANG_WARN_UNREACHABLE_CODE = YES;
				CLANG_WARN__DUPLICATE_METHOD_MATCH = YES;
				COPY_PHASE_STRIP = NO;
				DEBUG_INFORMATION_FORMAT = "dwarf-with-dsym";
				ENABLE_NS_ASSERTIONS = NO;
				ENABLE_STRICT_OBJC_MSGSEND = YES;
				GCC_C_LANGUAGE_STANDARD = gnu11;
				GCC_NO_COMMON_BLOCKS = YES;
				GCC_WARN_64_TO_32_BIT_CONVERSION = YES;
				GCC_WARN_ABOUT_RETURN_TYPE = YES_ERROR;
				GCC_WARN_UNDECLARED_SELECTOR = YES;
				GCC_WARN_UNINITIALIZED_AUTOS = YES_AGGRESSIVE;
				GCC_WARN_UNUSED_FUNCTION = YES;
				GCC_WARN_UNUSED_VARIABLE = YES;
				IPHONEOS_DEPLOYMENT_TARGET = 15.4;
				MTL_ENABLE_DEBUG_INFO = NO;
				MTL_FAST_MATH = YES;
				SDKROOT = iphoneos;
				SWIFT_COMPILATION_MODE = wholemodule;
				SWIFT_OPTIMIZATION_LEVEL = "-O";
				VALIDATE_PRODUCT = YES;
			};
			name = Release;
		};
		133ED43A2818220E00E06837 /* Debug */ = {
			isa = XCBuildConfiguration;
			buildSettings = {
				ASSETCATALOG_COMPILER_APPICON_NAME = AppIcon;
				ASSETCATALOG_COMPILER_GLOBAL_ACCENT_COLOR_NAME = AccentColor;
				CODE_SIGN_STYLE = Automatic;
				CURRENT_PROJECT_VERSION = 1;
				DEVELOPMENT_TEAM = RMTY324S26;
				GENERATE_INFOPLIST_FILE = YES;
				INFOPLIST_FILE = Popcorn/Supports/Info.plist;
				INFOPLIST_KEY_UIApplicationSupportsIndirectInputEvents = YES;
				INFOPLIST_KEY_UILaunchStoryboardName = LaunchScreen;
				INFOPLIST_KEY_UISupportedInterfaceOrientations = UIInterfaceOrientationPortrait;
				INFOPLIST_KEY_UISupportedInterfaceOrientations_iPad = "UIInterfaceOrientationPortrait UIInterfaceOrientationPortraitUpsideDown UIInterfaceOrientationLandscapeLeft UIInterfaceOrientationLandscapeRight";
				INFOPLIST_KEY_UISupportedInterfaceOrientations_iPhone = "UIInterfaceOrientationPortrait UIInterfaceOrientationLandscapeLeft UIInterfaceOrientationLandscapeRight";
				IPHONEOS_DEPLOYMENT_TARGET = 14.0;
				LD_RUNPATH_SEARCH_PATHS = (
					"$(inherited)",
					"@executable_path/Frameworks",
				);
				MARKETING_VERSION = 1.0;
				PRODUCT_BUNDLE_IDENTIFIER = com.bugrayenidunya.Popcorn;
				PRODUCT_NAME = "$(TARGET_NAME)";
				SWIFT_EMIT_LOC_STRINGS = YES;
				SWIFT_VERSION = 5.0;
				TARGETED_DEVICE_FAMILY = 1;
			};
			name = Debug;
		};
		133ED43B2818220E00E06837 /* Release */ = {
			isa = XCBuildConfiguration;
			buildSettings = {
				ASSETCATALOG_COMPILER_APPICON_NAME = AppIcon;
				ASSETCATALOG_COMPILER_GLOBAL_ACCENT_COLOR_NAME = AccentColor;
				CODE_SIGN_STYLE = Automatic;
				CURRENT_PROJECT_VERSION = 1;
				DEVELOPMENT_TEAM = RMTY324S26;
				GENERATE_INFOPLIST_FILE = YES;
				INFOPLIST_FILE = Popcorn/Supports/Info.plist;
				INFOPLIST_KEY_UIApplicationSupportsIndirectInputEvents = YES;
				INFOPLIST_KEY_UILaunchStoryboardName = LaunchScreen;
				INFOPLIST_KEY_UISupportedInterfaceOrientations = UIInterfaceOrientationPortrait;
				INFOPLIST_KEY_UISupportedInterfaceOrientations_iPad = "UIInterfaceOrientationPortrait UIInterfaceOrientationPortraitUpsideDown UIInterfaceOrientationLandscapeLeft UIInterfaceOrientationLandscapeRight";
				INFOPLIST_KEY_UISupportedInterfaceOrientations_iPhone = "UIInterfaceOrientationPortrait UIInterfaceOrientationLandscapeLeft UIInterfaceOrientationLandscapeRight";
				IPHONEOS_DEPLOYMENT_TARGET = 14.0;
				LD_RUNPATH_SEARCH_PATHS = (
					"$(inherited)",
					"@executable_path/Frameworks",
				);
				MARKETING_VERSION = 1.0;
				PRODUCT_BUNDLE_IDENTIFIER = com.bugrayenidunya.Popcorn;
				PRODUCT_NAME = "$(TARGET_NAME)";
				SWIFT_EMIT_LOC_STRINGS = YES;
				SWIFT_VERSION = 5.0;
				TARGETED_DEVICE_FAMILY = 1;
			};
			name = Release;
		};
/* End XCBuildConfiguration section */

/* Begin XCConfigurationList section */
		133ED4202818220B00E06837 /* Build configuration list for PBXProject "Popcorn" */ = {
			isa = XCConfigurationList;
			buildConfigurations = (
				133ED4372818220E00E06837 /* Debug */,
				133ED4382818220E00E06837 /* Release */,
			);
			defaultConfigurationIsVisible = 0;
			defaultConfigurationName = Release;
		};
		133ED4392818220E00E06837 /* Build configuration list for PBXNativeTarget "Popcorn" */ = {
			isa = XCConfigurationList;
			buildConfigurations = (
				133ED43A2818220E00E06837 /* Debug */,
				133ED43B2818220E00E06837 /* Release */,
			);
			defaultConfigurationIsVisible = 0;
			defaultConfigurationName = Release;
		};
/* End XCConfigurationList section */
	};
	rootObject = 133ED41D2818220B00E06837 /* Project object */;
}
